
Microsoft Visual Studio Solution File, Format Version 12.00
# Visual Studio 15
VisualStudioVersion = 15.0.28010.2050
MinimumVisualStudioVersion = 10.0.40219.1
Project("{FAE04EC0-301F-11D3-BF4B-00C04F79EFBC}") = "Cloud_Repo_App", "Cloud_Repo_App\Cloud_Repo_App.csproj", "{0869A1AC-1DA3-4C86-A7BF-457434A7C773}"
EndProject
Global
	GlobalSection(SolutionConfigurationPlatforms) = preSolution
		Debug|Any CPU = Debug|Any CPU
		Release|Any CPU = Release|Any CPU
	EndGlobalSection
	GlobalSection(ProjectConfigurationPlatforms) = postSolution
		{0869A1AC-1DA3-4C86-A7BF-457434A7C773}.Debug|Any CPU.ActiveCfg = Debug|Any CPU
		{0869A1AC-1DA3-4C86-A7BF-457434A7C773}.Debug|Any CPU.Build.0 = Debug|Any CPU
		{0869A1AC-1DA3-4C86-A7BF-457434A7C773}.Release|Any CPU.ActiveCfg = Release|Any CPU
		{0869A1AC-1DA3-4C86-A7BF-457434A7C773}.Release|Any CPU.Build.0 = Release|Any CPU
	EndGlobalSection
	GlobalSection(SolutionProperties) = preSolution
		HideSolutionNode = FALSE
	EndGlobalSection
	GlobalSection(ExtensibilityGlobals) = postSolution
		SolutionGuid = {D25AB33E-7550-4595-A7E6-9B0D380D063F}
	EndGlobalSection
EndGlobal
